
Microsoft Visual Studio Solution File, Format Version 12.00
# Visual Studio Version 17
VisualStudioVersion = 17.2.32630.192
MinimumVisualStudioVersion = 10.0.40219.1
Project("{FAE04EC0-301F-11D3-BF4B-00C04F79EFBC}") = "FindThePoint", "FindThePoint\FindThePoint.csproj", "{31DC89E2-63F2-47DF-8BF4-B2FB03F03492}"
EndProject
Global
	GlobalSection(SolutionConfigurationPlatforms) = preSolution
		Debug|Any CPU = Debug|Any CPU
		Release|Any CPU = Release|Any CPU
	EndGlobalSection
	GlobalSection(ProjectConfigurationPlatforms) = postSolution
		{31DC89E2-63F2-47DF-8BF4-B2FB03F03492}.Debug|Any CPU.ActiveCfg = Debug|Any CPU
		{31DC89E2-63F2-47DF-8BF4-B2FB03F03492}.Debug|Any CPU.Build.0 = Debug|Any CPU
		{31DC89E2-63F2-47DF-8BF4-B2FB03F03492}.Release|Any CPU.ActiveCfg = Release|Any CPU
		{31DC89E2-63F2-47DF-8BF4-B2FB03F03492}.Release|Any CPU.Build.0 = Release|Any CPU
	EndGlobalSection
	GlobalSection(SolutionProperties) = preSolution
		HideSolutionNode = FALSE
	EndGlobalSection
	GlobalSection(ExtensibilityGlobals) = postSolution
		SolutionGuid = {9F69E974-44FF-488D-A733-EE979C9EA8B8}
	EndGlobalSection
EndGlobal
